// !$*UTF8*$!
{
	archiveVersion = 1;
	classes = {
	};
	objectVersion = 55;
	objects = {

/* Begin PBXBuildFile section */
		9134624C283FE222004E796F /* Tests_iOS.swift in Sources */ = {isa = PBXBuildFile; fileRef = 9134624B283FE222004E796F /* Tests_iOS.swift */; };
		9134624E283FE222004E796F /* Tests_iOSLaunchTests.swift in Sources */ = {isa = PBXBuildFile; fileRef = 9134624D283FE222004E796F /* Tests_iOSLaunchTests.swift */; };
		91346258283FE222004E796F /* Tests_macOS.swift in Sources */ = {isa = PBXBuildFile; fileRef = 91346257283FE222004E796F /* Tests_macOS.swift */; };
		9134625A283FE222004E796F /* Tests_macOSLaunchTests.swift in Sources */ = {isa = PBXBuildFile; fileRef = 91346259283FE222004E796F /* Tests_macOSLaunchTests.swift */; };
		9134625B283FE222004E796F /* TImeLineApp.swift in Sources */ = {isa = PBXBuildFile; fileRef = 91346233283FE221004E796F /* TImeLineApp.swift */; };
		9134625C283FE222004E796F /* TImeLineApp.swift in Sources */ = {isa = PBXBuildFile; fileRef = 91346233283FE221004E796F /* TImeLineApp.swift */; };
		9134625D283FE222004E796F /* ContentView.swift in Sources */ = {isa = PBXBuildFile; fileRef = 91346234283FE221004E796F /* ContentView.swift */; };
		9134625E283FE222004E796F /* ContentView.swift in Sources */ = {isa = PBXBuildFile; fileRef = 91346234283FE221004E796F /* ContentView.swift */; };
		9134625F283FE222004E796F /* Assets.xcassets in Resources */ = {isa = PBXBuildFile; fileRef = 91346235283FE222004E796F /* Assets.xcassets */; };
		91346260283FE222004E796F /* Assets.xcassets in Resources */ = {isa = PBXBuildFile; fileRef = 91346235283FE222004E796F /* Assets.xcassets */; };
/* End PBXBuildFile section */

/* Begin PBXContainerItemProxy section */
		91346248283FE222004E796F /* PBXContainerItemProxy */ = {
			isa = PBXContainerItemProxy;
			containerPortal = 9134622E283FE221004E796F /* Project object */;
			proxyType = 1;
			remoteGlobalIDString = 91346239283FE222004E796F;
			remoteInfo = "TImeLine (iOS)";
		};
		91346254283FE222004E796F /* PBXContainerItemProxy */ = {
			isa = PBXContainerItemProxy;
			containerPortal = 9134622E283FE221004E796F /* Project object */;
			proxyType = 1;
			remoteGlobalIDString = 9134623F283FE222004E796F;
			remoteInfo = "TImeLine (macOS)";
		};
/* End PBXContainerItemProxy section */

/* Begin PBXFileReference section */
		91346233283FE221004E796F /* TImeLineApp.swift */ = {isa = PBXFileReference; lastKnownFileType = sourcecode.swift; path = TImeLineApp.swift; sourceTree = "<group>"; };
		91346234283FE221004E796F /* ContentView.swift */ = {isa = PBXFileReference; lastKnownFileType = sourcecode.swift; path = ContentView.swift; sourceTree = "<group>"; };
		91346235283FE222004E796F /* Assets.xcassets */ = {isa = PBXFileReference; lastKnownFileType = folder.assetcatalog; path = Assets.xcassets; sourceTree = "<group>"; };
		9134623A283FE222004E796F /* TImeLine.app */ = {isa = PBXFileReference; explicitFileType = wrapper.application; includeInIndex = 0; path = TImeLine.app; sourceTree = BUILT_PRODUCTS_DIR; };
		91346240283FE222004E796F /* TImeLine.app */ = {isa = PBXFileReference; explicitFileType = wrapper.application; includeInIndex = 0; path = TImeLine.app; sourceTree = BUILT_PRODUCTS_DIR; };
		91346242283FE222004E796F /* macOS.entitlements */ = {isa = PBXFileReference; lastKnownFileType = text.plist.entitlements; path = macOS.entitlements; sourceTree = "<group>"; };
		91346247283FE222004E796F /* Tests iOS.xctest */ = {isa = PBXFileReference; explicitFileType = wrapper.cfbundle; includeInIndex = 0; path = "Tests iOS.xctest"; sourceTree = BUILT_PRODUCTS_DIR; };
		9134624B283FE222004E796F /* Tests_iOS.swift */ = {isa = PBXFileReference; lastKnownFileType = sourcecode.swift; path = Tests_iOS.swift; sourceTree = "<group>"; };
		9134624D283FE222004E796F /* Tests_iOSLaunchTests.swift */ = {isa = PBXFileReference; lastKnownFileType = sourcecode.swift; path = Tests_iOSLaunchTests.swift; sourceTree = "<group>"; };
		91346253283FE222004E796F /* Tests macOS.xctest */ = {isa = PBXFileReference; explicitFileType = wrapper.cfbundle; includeInIndex = 0; path = "Tests macOS.xctest"; sourceTree = BUILT_PRODUCTS_DIR; };
		91346257283FE222004E796F /* Tests_macOS.swift */ = {isa = PBXFileReference; lastKnownFileType = sourcecode.swift; path = Tests_macOS.swift; sourceTree = "<group>"; };
		91346259283FE222004E796F /* Tests_macOSLaunchTests.swift */ = {isa = PBXFileReference; lastKnownFileType = sourcecode.swift; path = Tests_macOSLaunchTests.swift; sourceTree = "<group>"; };
/* End PBXFileReference section */

/* Begin PBXFrameworksBuildPhase section */
		91346237283FE222004E796F /* Frameworks */ = {
			isa = PBXFrameworksBuildPhase;
			buildActionMask = 2147483647;
			files = (
			);
			runOnlyForDeploymentPostprocessing = 0;
		};
		9134623D283FE222004E796F /* Frameworks */ = {
			isa = PBXFrameworksBuildPhase;
			buildActionMask = 2147483647;
			files = (
			);
			runOnlyForDeploymentPostprocessing = 0;
		};
		91346244283FE222004E796F /* Frameworks */ = {
			isa = PBXFrameworksBuildPhase;
			buildActionMask = 2147483647;
			files = (
			);
			runOnlyForDeploymentPostprocessing = 0;
		};
		91346250283FE222004E796F /* Frameworks */ = {
			isa = PBXFrameworksBuildPhase;
			buildActionMask = 2147483647;
			files = (
			);
			runOnlyForDeploymentPostprocessing = 0;
		};
/* End PBXFrameworksBuildPhase section */

/* Begin PBXGroup section */
		9134622D283FE221004E796F = {
			isa = PBXGroup;
			children = (
				91346232283FE221004E796F /* Shared */,
				91346241283FE222004E796F /* macOS */,
				9134624A283FE222004E796F /* Tests iOS */,
				91346256283FE222004E796F /* Tests macOS */,
				9134623B283FE222004E796F /* Products */,
			);
			sourceTree = "<group>";
		};
		91346232283FE221004E796F /* Shared */ = {
			isa = PBXGroup;
			children = (
				91346233283FE221004E796F /* TImeLineApp.swift */,
				91346234283FE221004E796F /* ContentView.swift */,
				91346235283FE222004E796F /* Assets.xcassets */,
			);
			path = Shared;
			sourceTree = "<group>";
		};
		9134623B283FE222004E796F /* Products */ = {
			isa = PBXGroup;
			children = (
				9134623A283FE222004E796F /* TImeLine.app */,
				91346240283FE222004E796F /* TImeLine.app */,
				91346247283FE222004E796F /* Tests iOS.xctest */,
				91346253283FE222004E796F /* Tests macOS.xctest */,
			);
			name = Products;
			sourceTree = "<group>";
		};
		91346241283FE222004E796F /* macOS */ = {
			isa = PBXGroup;
			children = (
				91346242283FE222004E796F /* macOS.entitlements */,
			);
			path = macOS;
			sourceTree = "<group>";
		};
		9134624A283FE222004E796F /* Tests iOS */ = {
			isa = PBXGroup;
			children = (
				9134624B283FE222004E796F /* Tests_iOS.swift */,
				9134624D283FE222004E796F /* Tests_iOSLaunchTests.swift */,
			);
			path = "Tests iOS";
			sourceTree = "<group>";
		};
		91346256283FE222004E796F /* Tests macOS */ = {
			isa = PBXGroup;
			children = (
				91346257283FE222004E796F /* Tests_macOS.swift */,
				91346259283FE222004E796F /* Tests_macOSLaunchTests.swift */,
			);
			path = "Tests macOS";
			sourceTree = "<group>";
		};
/* End PBXGroup section */

/* Begin PBXNativeTarget section */
		91346239283FE222004E796F /* TImeLine (iOS) */ = {
			isa = PBXNativeTarget;
			buildConfigurationList = 91346263283FE222004E796F /* Build configuration list for PBXNativeTarget "TImeLine (iOS)" */;
			buildPhases = (
				91346236283FE222004E796F /* Sources */,
				91346237283FE222004E796F /* Frameworks */,
				91346238283FE222004E796F /* Resources */,
			);
			buildRules = (
			);
			dependencies = (
			);
			name = "TImeLine (iOS)";
			productName = "TImeLine (iOS)";
			productReference = 9134623A283FE222004E796F /* TImeLine.app */;
			productType = "com.apple.product-type.application";
		};
		9134623F283FE222004E796F /* TImeLine (macOS) */ = {
			isa = PBXNativeTarget;
			buildConfigurationList = 91346266283FE222004E796F /* Build configuration list for PBXNativeTarget "TImeLine (macOS)" */;
			buildPhases = (
				9134623C283FE222004E796F /* Sources */,
				9134623D283FE222004E796F /* Frameworks */,
				9134623E283FE222004E796F /* Resources */,
			);
			buildRules = (
			);
			dependencies = (
			);
			name = "TImeLine (macOS)";
			productName = "TImeLine (macOS)";
			productReference = 91346240283FE222004E796F /* TImeLine.app */;
			productType = "com.apple.product-type.application";
		};
		91346246283FE222004E796F /* Tests iOS */ = {
			isa = PBXNativeTarget;
			buildConfigurationList = 91346269283FE222004E796F /* Build configuration list for PBXNativeTarget "Tests iOS" */;
			buildPhases = (
				91346243283FE222004E796F /* Sources */,
				91346244283FE222004E796F /* Frameworks */,
				91346245283FE222004E796F /* Resources */,
			);
			buildRules = (
			);
			dependencies = (
				91346249283FE222004E796F /* PBXTargetDependency */,
			);
			name = "Tests iOS";
			productName = "Tests iOS";
			productReference = 91346247283FE222004E796F /* Tests iOS.xctest */;
			productType = "com.apple.product-type.bundle.ui-testing";
		};
		91346252283FE222004E796F /* Tests macOS */ = {
			isa = PBXNativeTarget;
			buildConfigurationList = 9134626C283FE222004E796F /* Build configuration list for PBXNativeTarget "Tests macOS" */;
			buildPhases = (
				9134624F283FE222004E796F /* Sources */,
				91346250283FE222004E796F /* Frameworks */,
				91346251283FE222004E796F /* Resources */,
			);
			buildRules = (
			);
			dependencies = (
				91346255283FE222004E796F /* PBXTargetDependency */,
			);
			name = "Tests macOS";
			productName = "Tests macOS";
			productReference = 91346253283FE222004E796F /* Tests macOS.xctest */;
			productType = "com.apple.product-type.bundle.ui-testing";
		};
/* End PBXNativeTarget section */

/* Begin PBXProject section */
		9134622E283FE221004E796F /* Project object */ = {
			isa = PBXProject;
			attributes = {
				BuildIndependentTargetsInParallel = 1;
				LastSwiftUpdateCheck = 1340;
				LastUpgradeCheck = 1340;
				TargetAttributes = {
					91346239283FE222004E796F = {
						CreatedOnToolsVersion = 13.4;
					};
					9134623F283FE222004E796F = {
						CreatedOnToolsVersion = 13.4;
					};
					91346246283FE222004E796F = {
						CreatedOnToolsVersion = 13.4;
						TestTargetID = 91346239283FE222004E796F;
					};
					91346252283FE222004E796F = {
						CreatedOnToolsVersion = 13.4;
						TestTargetID = 9134623F283FE222004E796F;
					};
				};
			};
			buildConfigurationList = 91346231283FE221004E796F /* Build configuration list for PBXProject "TImeLine" */;
			compatibilityVersion = "Xcode 13.0";
			developmentRegion = en;
			hasScannedForEncodings = 0;
			knownRegions = (
				en,
				Base,
			);
			mainGroup = 9134622D283FE221004E796F;
			productRefGroup = 9134623B283FE222004E796F /* Products */;
			projectDirPath = "";
			projectRoot = "";
			targets = (
				91346239283FE222004E796F /* TImeLine (iOS) */,
				9134623F283FE222004E796F /* TImeLine (macOS) */,
				91346246283FE222004E796F /* Tests iOS */,
				91346252283FE222004E796F /* Tests macOS */,
			);
		};
/* End PBXProject section */

/* Begin PBXResourcesBuildPhase section */
		91346238283FE222004E796F /* Resources */ = {
			isa = PBXResourcesBuildPhase;
			buildActionMask = 2147483647;
			files = (
				9134625F283FE222004E796F /* Assets.xcassets in Resources */,
			);
			runOnlyForDeploymentPostprocessing = 0;
		};
		9134623E283FE222004E796F /* Resources */ = {
			isa = PBXResourcesBuildPhase;
			buildActionMask = 2147483647;
			files = (
				91346260283FE222004E796F /* Assets.xcassets in Resources */,
			);
			runOnlyForDeploymentPostprocessing = 0;
		};
		91346245283FE222004E796F /* Resources */ = {
			isa = PBXResourcesBuildPhase;
			buildActionMask = 2147483647;
			files = (
			);
			runOnlyForDeploymentPostprocessing = 0;
		};
		91346251283FE222004E796F /* Resources */ = {
			isa = PBXResourcesBuildPhase;
			buildActionMask = 2147483647;
			files = (
			);
			runOnlyForDeploymentPostprocessing = 0;
		};
/* End PBXResourcesBuildPhase section */

/* Begin PBXSourcesBuildPhase section */
		91346236283FE222004E796F /* Sources */ = {
			isa = PBXSourcesBuildPhase;
			buildActionMask = 2147483647;
			files = (
				9134625D283FE222004E796F /* ContentView.swift in Sources */,
				9134625B283FE222004E796F /* TImeLineApp.swift in Sources */,
			);
			runOnlyForDeploymentPostprocessing = 0;
		};
		9134623C283FE222004E796F /* Sources */ = {
			isa = PBXSourcesBuildPhase;
			buildActionMask = 2147483647;
			files = (
				9134625E283FE222004E796F /* ContentView.swift in Sources */,
				9134625C283FE222004E796F /* TImeLineApp.swift in Sources */,
			);
			runOnlyForDeploymentPostprocessing = 0;
		};
		91346243283FE222004E796F /* Sources */ = {
			isa = PBXSourcesBuildPhase;
			buildActionMask = 2147483647;
			files = (
				9134624E283FE222004E796F /* Tests_iOSLaunchTests.swift in Sources */,
				9134624C283FE222004E796F /* Tests_iOS.swift in Sources */,
			);
			runOnlyForDeploymentPostprocessing = 0;
		};
		9134624F283FE222004E796F /* Sources */ = {
			isa = PBXSourcesBuildPhase;
			buildActionMask = 2147483647;
			files = (
				9134625A283FE222004E796F /* Tests_macOSLaunchTests.swift in Sources */,
				91346258283FE222004E796F /* Tests_macOS.swift in Sources */,
			);
			runOnlyForDeploymentPostprocessing = 0;
		};
/* End PBXSourcesBuildPhase section */

/* Begin PBXTargetDependency section */
		91346249283FE222004E796F /* PBXTargetDependency */ = {
			isa = PBXTargetDependency;
			target = 91346239283FE222004E796F /* TImeLine (iOS) */;
			targetProxy = 91346248283FE222004E796F /* PBXContainerItemProxy */;
		};
		91346255283FE222004E796F /* PBXTargetDependency */ = {
			isa = PBXTargetDependency;
			target = 9134623F283FE222004E796F /* TImeLine (macOS) */;
			targetProxy = 91346254283FE222004E796F /* PBXContainerItemProxy */;
		};
/* End PBXTargetDependency section */

/* Begin XCBuildConfiguration section */
		91346261283FE222004E796F /* Debug */ = {
			isa = XCBuildConfiguration;
			buildSettings = {
				ALWAYS_SEARCH_USER_PATHS = NO;
				CLANG_ANALYZER_NONNULL = YES;
				CLANG_ANALYZER_NUMBER_OBJECT_CONVERSION = YES_AGGRESSIVE;
				CLANG_CXX_LANGUAGE_STANDARD = "gnu++17";
				CLANG_ENABLE_MODULES = YES;
				CLANG_ENABLE_OBJC_ARC = YES;
				CLANG_ENABLE_OBJC_WEAK = YES;
				CLANG_WARN_BLOCK_CAPTURE_AUTORELEASING = YES;
				CLANG_WARN_BOOL_CONVERSION = YES;
				CLANG_WARN_COMMA = YES;
				CLANG_WARN_CONSTANT_CONVERSION = YES;
				CLANG_WARN_DEPRECATED_OBJC_IMPLEMENTATIONS = YES;
				CLANG_WARN_DIRECT_OBJC_ISA_USAGE = YES_ERROR;
				CLANG_WARN_DOCUMENTATION_COMMENTS = YES;
				CLANG_WARN_EMPTY_BODY = YES;
				CLANG_WARN_ENUM_CONVERSION = YES;
				CLANG_WARN_INFINITE_RECURSION = YES;
				CLANG_WARN_INT_CONVERSION = YES;
				CLANG_WARN_NON_LITERAL_NULL_CONVERSION = YES;
				CLANG_WARN_OBJC_IMPLICIT_RETAIN_SELF = YES;
				CLANG_WARN_OBJC_LITERAL_CONVERSION = YES;
				CLANG_WARN_OBJC_ROOT_CLASS = YES_ERROR;
				CLANG_WARN_QUOTED_INCLUDE_IN_FRAMEWORK_HEADER = YES;
				CLANG_WARN_RANGE_LOOP_ANALYSIS = YES;
				CLANG_WARN_STRICT_PROTOTYPES = YES;
				CLANG_WARN_SUSPICIOUS_MOVE = YES;
				CLANG_WARN_UNGUARDED_AVAILABILITY = YES_AGGRESSIVE;
				CLANG_WARN_UNREACHABLE_CODE = YES;
				CLANG_WARN__DUPLICATE_METHOD_MATCH = YES;
				COPY_PHASE_STRIP = NO;
				DEBUG_INFORMATION_FORMAT = dwarf;
				ENABLE_STRICT_OBJC_MSGSEND = YES;
				ENABLE_TESTABILITY = YES;
				GCC_C_LANGUAGE_STANDARD = gnu11;
				GCC_DYNAMIC_NO_PIC = NO;
				GCC_NO_COMMON_BLOCKS = YES;
				GCC_OPTIMIZATION_LEVEL = 0;
				GCC_PREPROCESSOR_DEFINITIONS = (
					"DEBUG=1",
					"$(inherited)",
				);
				GCC_WARN_64_TO_32_BIT_CONVERSION = YES;
				GCC_WARN_ABOUT_RETURN_TYPE = YES_ERROR;
				GCC_WARN_UNDECLARED_SELECTOR = YES;
				GCC_WARN_UNINITIALIZED_AUTOS = YES_AGGRESSIVE;
				GCC_WARN_UNUSED_FUNCTION = YES;
				GCC_WARN_UNUSED_VARIABLE = YES;
				MTL_ENABLE_DEBUG_INFO = INCLUDE_SOURCE;
				MTL_FAST_MATH = YES;
				ONLY_ACTIVE_ARCH = YES;
				SWIFT_ACTIVE_COMPILATION_CONDITIONS = DEBUG;
				SWIFT_OPTIMIZATION_LEVEL = "-Onone";
			};
			name = Debug;
		};
		91346262283FE222004E796F /* Release */ = {
			isa = XCBuildConfiguration;
			buildSettings = {
				ALWAYS_SEARCH_USER_PATHS = NO;
				CLANG_ANALYZER_NONNULL = YES;
				CLANG_ANALYZER_NUMBER_OBJECT_CONVERSION = YES_AGGRESSIVE;
				CLANG_CXX_LANGUAGE_STANDARD = "gnu++17";
				CLANG_ENABLE_MODULES = YES;
				CLANG_ENABLE_OBJC_ARC = YES;
				CLANG_ENABLE_OBJC_WEAK = YES;
				CLANG_WARN_BLOCK_CAPTURE_AUTORELEASING = YES;
				CLANG_WARN_BOOL_CONVERSION = YES;
				CLANG_WARN_COMMA = YES;
				CLANG_WARN_CONSTANT_CONVERSION = YES;
				CLANG_WARN_DEPRECATED_OBJC_IMPLEMENTATIONS = YES;
				CLANG_WARN_DIRECT_OBJC_ISA_USAGE = YES_ERROR;
				CLANG_WARN_DOCUMENTATION_COMMENTS = YES;
				CLANG_WARN_EMPTY_BODY = YES;
				CLANG_WARN_ENUM_CONVERSION = YES;
				CLANG_WARN_INFINITE_RECURSION = YES;
				CLANG_WARN_INT_CONVERSION = YES;
				CLANG_WARN_NON_LITERAL_NULL_CONVERSION = YES;
				CLANG_WARN_OBJC_IMPLICIT_RETAIN_SELF = YES;
				CLANG_WARN_OBJC_LITERAL_CONVERSION = YES;
				CLANG_WARN_OBJC_ROOT_CLASS = YES_ERROR;
				CLANG_WARN_QUOTED_INCLUDE_IN_FRAMEWORK_HEADER = YES;
				CLANG_WARN_RANGE_LOOP_ANALYSIS = YES;
				CLANG_WARN_STRICT_PROTOTYPES = YES;
				CLANG_WARN_SUSPICIOUS_MOVE = YES;
				CLANG_WARN_UNGUARDED_AVAILABILITY = YES_AGGRESSIVE;
				CLANG_WARN_UNREACHABLE_CODE = YES;
				CLANG_WARN__DUPLICATE_METHOD_MATCH = YES;
				COPY_PHASE_STRIP = NO;
				DEBUG_INFORMATION_FORMAT = "dwarf-with-dsym";
				ENABLE_NS_ASSERTIONS = NO;
				ENABLE_STRICT_OBJC_MSGSEND = YES;
				GCC_C_LANGUAGE_STANDARD = gnu11;
				GCC_NO_COMMON_BLOCKS = YES;
				GCC_WARN_64_TO_32_BIT_CONVERSION = YES;
				GCC_WARN_ABOUT_RETURN_TYPE = YES_ERROR;
				GCC_WARN_UNDECLARED_SELECTOR = YES;
				GCC_WARN_UNINITIALIZED_AUTOS = YES_AGGRESSIVE;
				GCC_WARN_UNUSED_FUNCTION = YES;
				GCC_WARN_UNUSED_VARIABLE = YES;
				MTL_ENABLE_DEBUG_INFO = NO;
				MTL_FAST_MATH = YES;
				SWIFT_COMPILATION_MODE = wholemodule;
				SWIFT_OPTIMIZATION_LEVEL = "-O";
			};
			name = Release;
		};
		91346264283FE222004E796F /* Debug */ = {
			isa = XCBuildConfiguration;
			buildSettings = {
				ASSETCATALOG_COMPILER_APPICON_NAME = AppIcon;
				ASSETCATALOG_COMPILER_GLOBAL_ACCENT_COLOR_NAME = AccentColor;
				CODE_SIGN_STYLE = Automatic;
				CURRENT_PROJECT_VERSION = 1;
				DEVELOPMENT_TEAM = W4XB7BXZ9L;
				ENABLE_PREVIEWS = YES;
				GENERATE_INFOPLIST_FILE = YES;
				INFOPLIST_KEY_UIApplicationSceneManifest_Generation = YES;
				INFOPLIST_KEY_UIApplicationSupportsIndirectInputEvents = YES;
				INFOPLIST_KEY_UILaunchScreen_Generation = YES;
				INFOPLIST_KEY_UISupportedInterfaceOrientations_iPad = "UIInterfaceOrientationPortrait UIInterfaceOrientationPortraitUpsideDown UIInterfaceOrientationLandscapeLeft UIInterfaceOrientationLandscapeRight";
				INFOPLIST_KEY_UISupportedInterfaceOrientations_iPhone = "UIInterfaceOrientationPortrait UIInterfaceOrientationLandscapeLeft UIInterfaceOrientationLandscapeRight";
				IPHONEOS_DEPLOYMENT_TARGET = 15.5;
				LD_RUNPATH_SEARCH_PATHS = (
					"$(inherited)",
					"@executable_path/Frameworks",
				);
				MARKETING_VERSION = 1.0;
				PRODUCT_BUNDLE_IDENTIFIER = com.prajjwal.TImeLine;
				PRODUCT_NAME = TImeLine;
				SDKROOT = iphoneos;
				SWIFT_EMIT_LOC_STRINGS = YES;
				SWIFT_VERSION = 5.0;
				TARGETED_DEVICE_FAMILY = "1,2";
			};
			name = Debug;
		};
		91346265283FE222004E796F /* Release */ = {
			isa = XCBuildConfiguration;
			buildSettings = {
				ASSETCATALOG_COMPILER_APPICON_NAME = AppIcon;
				ASSETCATALOG_COMPILER_GLOBAL_ACCENT_COLOR_NAME = AccentColor;
				CODE_SIGN_STYLE = Automatic;
				CURRENT_PROJECT_VERSION = 1;
				DEVELOPMENT_TEAM = W4XB7BXZ9L;
				ENABLE_PREVIEWS = YES;
				GENERATE_INFOPLIST_FILE = YES;
				INFOPLIST_KEY_UIApplicationSceneManifest_Generation = YES;
				INFOPLIST_KEY_UIApplicationSupportsIndirectInputEvents = YES;
				INFOPLIST_KEY_UILaunchScreen_Generation = YES;
				INFOPLIST_KEY_UISupportedInterfaceOrientations_iPad = "UIInterfaceOrientationPortrait UIInterfaceOrientationPortraitUpsideDown UIInterfaceOrientationLandscapeLeft UIInterfaceOrientationLandscapeRight";
				INFOPLIST_KEY_UISupportedInterfaceOrientations_iPhone = "UIInterfaceOrientationPortrait UIInterfaceOrientationLandscapeLeft UIInterfaceOrientationLandscapeRight";
				IPHONEOS_DEPLOYMENT_TARGET = 15.5;
				LD_RUNPATH_SEARCH_PATHS = (
					"$(inherited)",
					"@executable_path/Frameworks",
				);
				MARKETING_VERSION = 1.0;
				PRODUCT_BUNDLE_IDENTIFIER = com.prajjwal.TImeLine;
				PRODUCT_NAME = TImeLine;
				SDKROOT = iphoneos;
				SWIFT_EMIT_LOC_STRINGS = YES;
				SWIFT_VERSION = 5.0;
				TARGETED_DEVICE_FAMILY = "1,2";
				VALIDATE_PRODUCT = YES;
			};
			name = Release;
		};
		91346267283FE222004E796F /* Debug */ = {
			isa = XCBuildConfiguration;
			buildSettings = {
				ASSETCATALOG_COMPILER_APPICON_NAME = AppIcon;
				ASSETCATALOG_COMPILER_GLOBAL_ACCENT_COLOR_NAME = AccentColor;
				CODE_SIGN_ENTITLEMENTS = macOS/macOS.entitlements;
				CODE_SIGN_STYLE = Automatic;
				COMBINE_HIDPI_IMAGES = YES;
				CURRENT_PROJECT_VERSION = 1;
				DEVELOPMENT_TEAM = W4XB7BXZ9L;
				ENABLE_HARDENED_RUNTIME = YES;
				ENABLE_PREVIEWS = YES;
				GENERATE_INFOPLIST_FILE = YES;
				INFOPLIST_KEY_NSHumanReadableCopyright = "";
				LD_RUNPATH_SEARCH_PATHS = (
					"$(inherited)",
					"@executable_path/../Frameworks",
				);
				MACOSX_DEPLOYMENT_TARGET = 12.3;
				MARKETING_VERSION = 1.0;
				PRODUCT_BUNDLE_IDENTIFIER = com.prajjwal.TImeLine;
				PRODUCT_NAME = TImeLine;
				SDKROOT = macosx;
				SWIFT_EMIT_LOC_STRINGS = YES;
				SWIFT_VERSION = 5.0;
			};
			name = Debug;
		};
		91346268283FE222004E796F /* Release */ = {
			isa = XCBuildConfiguration;
			buildSettings = {
				ASSETCATALOG_COMPILER_APPICON_NAME = AppIcon;
				ASSETCATALOG_COMPILER_GLOBAL_ACCENT_COLOR_NAME = AccentColor;
				CODE_SIGN_ENTITLEMENTS = macOS/macOS.entitlements;
				CODE_SIGN_STYLE = Automatic;
				COMBINE_HIDPI_IMAGES = YES;
				CURRENT_PROJECT_VERSION = 1;
				DEVELOPMENT_TEAM = W4XB7BXZ9L;
				ENABLE_HARDENED_RUNTIME = YES;
				ENABLE_PREVIEWS = YES;
				GENERATE_INFOPLIST_FILE = YES;
				INFOPLIST_KEY_NSHumanReadableCopyright = "";
				LD_RUNPATH_SEARCH_PATHS = (
					"$(inherited)",
					"@executable_path/../Frameworks",
				);
				MACOSX_DEPLOYMENT_TARGET = 12.3;
				MARKETING_VERSION = 1.0;
				PRODUCT_BUNDLE_IDENTIFIER = com.prajjwal.TImeLine;
				PRODUCT_NAME = TImeLine;
				SDKROOT = macosx;
				SWIFT_EMIT_LOC_STRINGS = YES;
				SWIFT_VERSION = 5.0;
			};
			name = Release;
		};
		9134626A283FE222004E796F /* Debug */ = {
			isa = XCBuildConfiguration;
			buildSettings = {
				ALWAYS_EMBED_SWIFT_STANDARD_LIBRARIES = YES;
				CODE_SIGN_STYLE = Automatic;
				CURRENT_PROJECT_VERSION = 1;
				DEVELOPMENT_TEAM = W4XB7BXZ9L;
				GENERATE_INFOPLIST_FILE = YES;
				IPHONEOS_DEPLOYMENT_TARGET = 15.5;
				MARKETING_VERSION = 1.0;
				PRODUCT_BUNDLE_IDENTIFIER = "com.prajjwal.Tests-iOS";
				PRODUCT_NAME = "$(TARGET_NAME)";
				SDKROOT = iphoneos;
				SWIFT_EMIT_LOC_STRINGS = NO;
				SWIFT_VERSION = 5.0;
				TARGETED_DEVICE_FAMILY = "1,2";
				TEST_TARGET_NAME = "TImeLine (iOS)";
			};
			name = Debug;
		};
		9134626B283FE222004E796F /* Release */ = {
			isa = XCBuildConfiguration;
			buildSettings = {
				ALWAYS_EMBED_SWIFT_STANDARD_LIBRARIES = YES;
				CODE_SIGN_STYLE = Automatic;
				CURRENT_PROJECT_VERSION = 1;
				DEVELOPMENT_TEAM = W4XB7BXZ9L;
				GENERATE_INFOPLIST_FILE = YES;
				IPHONEOS_DEPLOYMENT_TARGET = 15.5;
				MARKETING_VERSION = 1.0;
				PRODUCT_BUNDLE_IDENTIFIER = "com.prajjwal.Tests-iOS";
				PRODUCT_NAME = "$(TARGET_NAME)";
				SDKROOT = iphoneos;
				SWIFT_EMIT_LOC_STRINGS = NO;
				SWIFT_VERSION = 5.0;
				TARGETED_DEVICE_FAMILY = "1,2";
				TEST_TARGET_NAME = "TImeLine (iOS)";
				VALIDATE_PRODUCT = YES;
			};
			name = Release;
		};
		9134626D283FE222004E796F /* Debug */ = {
			isa = XCBuildConfiguration;
			buildSettings = {
				ALWAYS_EMBED_SWIFT_STANDARD_LIBRARIES = YES;
				CODE_SIGN_STYLE = Automatic;
				CURRENT_PROJECT_VERSION = 1;
				DEVELOPMENT_TEAM = W4XB7BXZ9L;
				GENERATE_INFOPLIST_FILE = YES;
				MACOSX_DEPLOYMENT_TARGET = 12.3;
				MARKETING_VERSION = 1.0;
				PRODUCT_BUNDLE_IDENTIFIER = "com.prajjwal.Tests-macOS";
				PRODUCT_NAME = "$(TARGET_NAME)";
				SDKROOT = macosx;
				SWIFT_EMIT_LOC_STRINGS = NO;
				SWIFT_VERSION = 5.0;
				TEST_TARGET_NAME = "TImeLine (macOS)";
			};
			name = Debug;
		};
		9134626E283FE222004E796F /* Release */ = {
			isa = XCBuildConfiguration;
			buildSettings = {
				ALWAYS_EMBED_SWIFT_STANDARD_LIBRARIES = YES;
				CODE_SIGN_STYLE = Automatic;
				CURRENT_PROJECT_VERSION = 1;
				DEVELOPMENT_TEAM = W4XB7BXZ9L;
				GENERATE_INFOPLIST_FILE = YES;
				MACOSX_DEPLOYMENT_TARGET = 12.3;
				MARKETING_VERSION = 1.0;
				PRODUCT_BUNDLE_IDENTIFIER = "com.prajjwal.Tests-macOS";
				PRODUCT_NAME = "$(TARGET_NAME)";
				SDKROOT = macosx;
				SWIFT_EMIT_LOC_STRINGS = NO;
				SWIFT_VERSION = 5.0;
				TEST_TARGET_NAME = "TImeLine (macOS)";
			};
			name = Release;
		};
/* End XCBuildConfiguration section */

/* Begin XCConfigurationList section */
		91346231283FE221004E796F /* Build configuration list for PBXProject "TImeLine" */ = {
			isa = XCConfigurationList;
			buildConfigurations = (
				91346261283FE222004E796F /* Debug */,
				91346262283FE222004E796F /* Release */,
			);
			defaultConfigurationIsVisible = 0;
			defaultConfigurationName = Release;
		};
		91346263283FE222004E796F /* Build configuration list for PBXNativeTarget "TImeLine (iOS)" */ = {
			isa = XCConfigurationList;
			buildConfigurations = (
				91346264283FE222004E796F /* Debug */,
				91346265283FE222004E796F /* Release */,
			);
			defaultConfigurationIsVisible = 0;
			defaultConfigurationName = Release;
		};
		91346266283FE222004E796F /* Build configuration list for PBXNativeTarget "TImeLine (macOS)" */ = {
			isa = XCConfigurationList;
			buildConfigurations = (
				91346267283FE222004E796F /* Debug */,
				91346268283FE222004E796F /* Release */,
			);
			defaultConfigurationIsVisible = 0;
			defaultConfigurationName = Release;
		};
		91346269283FE222004E796F /* Build configuration list for PBXNativeTarget "Tests iOS" */ = {
			isa = XCConfigurationList;
			buildConfigurations = (
				9134626A283FE222004E796F /* Debug */,
				9134626B283FE222004E796F /* Release */,
			);
			defaultConfigurationIsVisible = 0;
			defaultConfigurationName = Release;
		};
		9134626C283FE222004E796F /* Build configuration list for PBXNativeTarget "Tests macOS" */ = {
			isa = XCConfigurationList;
			buildConfigurations = (
				9134626D283FE222004E796F /* Debug */,
				9134626E283FE222004E796F /* Release */,
			);
			defaultConfigurationIsVisible = 0;
			defaultConfigurationName = Release;
		};
/* End XCConfigurationList section */
	};
	rootObject = 9134622E283FE221004E796F /* Project object */;
}
